
Microsoft Visual Studio Solution File, Format Version 12.00
# Visual Studio 15
VisualStudioVersion = 15.0.28010.2016
MinimumVisualStudioVersion = 10.0.40219.1
Project("{FAE04EC0-301F-11D3-BF4B-00C04F79EFBC}") = "XFPanel.Web", "XFPanel\XFPanel.Web.csproj", "{C1835BC4-EEC9-4CB6-AA83-92893B068993}"
EndProject
Project("{FAE04EC0-301F-11D3-BF4B-00C04F79EFBC}") = "XFPanel.Model", "XFPanel.Model\XFPanel.Model.csproj", "{1A4F371E-31D1-4C9B-8B77-9EB66724496B}"
EndProject
Project("{FAE04EC0-301F-11D3-BF4B-00C04F79EFBC}") = "XFPanel.Service", "XFPanel.Service\XFPanel.Service.csproj", "{4075AE7A-15E7-4F19-AC8A-B12191C57513}"
EndProject
Global
	GlobalSection(SolutionConfigurationPlatforms) = preSolution
		Debug|Any CPU = Debug|Any CPU
		Release|Any CPU = Release|Any CPU
	EndGlobalSection
	GlobalSection(ProjectConfigurationPlatforms) = postSolution
		{C1835BC4-EEC9-4CB6-AA83-92893B068993}.Debug|Any CPU.ActiveCfg = Debug|Any CPU
		{C1835BC4-EEC9-4CB6-AA83-92893B068993}.Debug|Any CPU.Build.0 = Debug|Any CPU
		{C1835BC4-EEC9-4CB6-AA83-92893B068993}.Release|Any CPU.ActiveCfg = Release|Any CPU
		{C1835BC4-EEC9-4CB6-AA83-92893B068993}.Release|Any CPU.Build.0 = Release|Any CPU
		{1A4F371E-31D1-4C9B-8B77-9EB66724496B}.Debug|Any CPU.ActiveCfg = Debug|Any CPU
		{1A4F371E-31D1-4C9B-8B77-9EB66724496B}.Debug|Any CPU.Build.0 = Debug|Any CPU
		{1A4F371E-31D1-4C9B-8B77-9EB66724496B}.Release|Any CPU.ActiveCfg = Release|Any CPU
		{1A4F371E-31D1-4C9B-8B77-9EB66724496B}.Release|Any CPU.Build.0 = Release|Any CPU
		{4075AE7A-15E7-4F19-AC8A-B12191C57513}.Debug|Any CPU.ActiveCfg = Debug|Any CPU
		{4075AE7A-15E7-4F19-AC8A-B12191C57513}.Debug|Any CPU.Build.0 = Debug|Any CPU
		{4075AE7A-15E7-4F19-AC8A-B12191C57513}.Release|Any CPU.ActiveCfg = Release|Any CPU
		{4075AE7A-15E7-4F19-AC8A-B12191C57513}.Release|Any CPU.Build.0 = Release|Any CPU
	EndGlobalSection
	GlobalSection(SolutionProperties) = preSolution
		HideSolutionNode = FALSE
	EndGlobalSection
	GlobalSection(ExtensibilityGlobals) = postSolution
		SolutionGuid = {165C251D-2D7D-4D89-B18E-58864AF3FCD0}
	EndGlobalSection
EndGlobal
